
Microsoft Visual Studio Solution File, Format Version 12.00
# Visual Studio Version 16
VisualStudioVersion = 16.0.30711.63
MinimumVisualStudioVersion = 10.0.40219.1
Project("{FAE04EC0-301F-11D3-BF4B-00C04F79EFBC}") = "FreshFruit", "FreshFruit\FreshFruit.csproj", "{C38B2DA2-AEFA-47E8-859B-10CF7BEE8B36}"
EndProject
Global
	GlobalSection(SolutionConfigurationPlatforms) = preSolution
		Debug|Any CPU = Debug|Any CPU
		Release|Any CPU = Release|Any CPU
	EndGlobalSection
	GlobalSection(ProjectConfigurationPlatforms) = postSolution
		{C38B2DA2-AEFA-47E8-859B-10CF7BEE8B36}.Debug|Any CPU.ActiveCfg = Debug|Any CPU
		{C38B2DA2-AEFA-47E8-859B-10CF7BEE8B36}.Debug|Any CPU.Build.0 = Debug|Any CPU
		{C38B2DA2-AEFA-47E8-859B-10CF7BEE8B36}.Release|Any CPU.ActiveCfg = Release|Any CPU
		{C38B2DA2-AEFA-47E8-859B-10CF7BEE8B36}.Release|Any CPU.Build.0 = Release|Any CPU
	EndGlobalSection
	GlobalSection(SolutionProperties) = preSolution
		HideSolutionNode = FALSE
	EndGlobalSection
	GlobalSection(ExtensibilityGlobals) = postSolution
		SolutionGuid = {CFBF18AE-5C04-4D93-B0CA-E28B9396DA15}
	EndGlobalSection
EndGlobal
